
Microsoft Visual Studio Solution File, Format Version 12.00
# Visual Studio Version 17
VisualStudioVersion = 17.1.32421.90
MinimumVisualStudioVersion = 10.0.40219.1
Project("{9A19103F-16F7-4668-BE54-9A1E7A4F7556}") = "HttpApi", "HttpApi\HttpApi.csproj", "{5B8A6EA6-3206-45BE-B268-0EA3044DBAEE}"
EndProject
Project("{FAE04EC0-301F-11D3-BF4B-00C04F79EFBC}") = "App", "App\App.csproj", "{FD677516-2865-434D-9B31-2DB54D16ACB3}"
EndProject
Global
	GlobalSection(SolutionConfigurationPlatforms) = preSolution
		Debug|Any CPU = Debug|Any CPU
		Release|Any CPU = Release|Any CPU
	EndGlobalSection
	GlobalSection(ProjectConfigurationPlatforms) = postSolution
		{5B8A6EA6-3206-45BE-B268-0EA3044DBAEE}.Debug|Any CPU.ActiveCfg = Debug|Any CPU
		{5B8A6EA6-3206-45BE-B268-0EA3044DBAEE}.Debug|Any CPU.Build.0 = Debug|Any CPU
		{5B8A6EA6-3206-45BE-B268-0EA3044DBAEE}.Release|Any CPU.ActiveCfg = Release|Any CPU
		{5B8A6EA6-3206-45BE-B268-0EA3044DBAEE}.Release|Any CPU.Build.0 = Release|Any CPU
		{FD677516-2865-434D-9B31-2DB54D16ACB3}.Debug|Any CPU.ActiveCfg = Debug|Any CPU
		{FD677516-2865-434D-9B31-2DB54D16ACB3}.Debug|Any CPU.Build.0 = Debug|Any CPU
		{FD677516-2865-434D-9B31-2DB54D16ACB3}.Release|Any CPU.ActiveCfg = Release|Any CPU
		{FD677516-2865-434D-9B31-2DB54D16ACB3}.Release|Any CPU.Build.0 = Release|Any CPU
	EndGlobalSection
	GlobalSection(SolutionProperties) = preSolution
		HideSolutionNode = FALSE
	EndGlobalSection
	GlobalSection(ExtensibilityGlobals) = postSolution
		SolutionGuid = {10058AEF-8FF8-4B62-8BC4-4420EE6E9FB5}
	EndGlobalSection
EndGlobal
